Microsoft Visual Studio Solution File, Format Version 11.00
# Visual Studio 2008

Project("{132B34B8-B1E3-A8D7-82F1-CDE366F9A501}") = "ProjectRebirth", "Assembly-CSharp.csproj", "{E09CB1CC-7F68-78C9-7B59-45DE1D844FD8}"
EndProject
Global
	GlobalSection(SolutionConfigurationPlatforms) = preSolution
		Debug|Any CPU = Debug|Any CPU
		Release|Any CPU = Release|Any CPU
	EndGlobalSection
	GlobalSection(ProjectConfigurationPlatforms) = postSolution
		{E09CB1CC-7F68-78C9-7B59-45DE1D844FD8}.Debug|Any CPU.ActiveCfg = Debug|Any CPU
		{E09CB1CC-7F68-78C9-7B59-45DE1D844FD8}.Debug|Any CPU.Build.0 = Debug|Any CPU
		{E09CB1CC-7F68-78C9-7B59-45DE1D844FD8}.Release|Any CPU.ActiveCfg = Release|Any CPU
		{E09CB1CC-7F68-78C9-7B59-45DE1D844FD8}.Release|Any CPU.Build.0 = Release|Any CPU
	EndGlobalSection
	GlobalSection(SolutionProperties) = preSolution
		HideSolutionNode = FALSE
	EndGlobalSection
	GlobalSection(MonoDevelopProperties) = preSolution
		StartupItem = Assembly-CSharp.csproj
	EndGlobalSection
EndGlobal
